
Microsoft Visual Studio Solution File, Format Version 12.00
# Visual Studio Version 16
VisualStudioVersion = 16.0.30002.166
MinimumVisualStudioVersion = 10.0.40219.1
Project("{FAE04EC0-301F-11D3-BF4B-00C04F79EFBC}") = "BindableLayoutIssue.Android", "BindableLayoutIssue\BindableLayoutIssue.Android\BindableLayoutIssue.Android.csproj", "{BE9E2743-FF5F-42A3-B780-3C499A70DE08}"
EndProject
Project("{FAE04EC0-301F-11D3-BF4B-00C04F79EFBC}") = "BindableLayoutIssue.iOS", "BindableLayoutIssue\BindableLayoutIssue.iOS\BindableLayoutIssue.iOS.csproj", "{4031B016-B0CE-4824-A24E-D9825B14EA3F}"
EndProject
Project("{FAE04EC0-301F-11D3-BF4B-00C04F79EFBC}") = "BindableLayoutIssue", "BindableLayoutIssue\BindableLayoutIssue\BindableLayoutIssue.csproj", "{DFF457EE-284C-4E47-B26A-380B9548DAB7}"
EndProject
Global
	GlobalSection(SolutionConfigurationPlatforms) = preSolution
		Debug|Any CPU = Debug|Any CPU
		Debug|iPhone = Debug|iPhone
		Debug|iPhoneSimulator = Debug|iPhoneSimulator
		Release|Any CPU = Release|Any CPU
		Release|iPhone = Release|iPhone
		Release|iPhoneSimulator = Release|iPhoneSimulator
	EndGlobalSection
	GlobalSection(ProjectConfigurationPlatforms) = postSolution
		{BE9E2743-FF5F-42A3-B780-3C499A70DE08}.Debug|Any CPU.ActiveCfg = Debug|Any CPU
		{BE9E2743-FF5F-42A3-B780-3C499A70DE08}.Debug|Any CPU.Build.0 = Debug|Any CPU
		{BE9E2743-FF5F-42A3-B780-3C499A70DE08}.Debug|Any CPU.Deploy.0 = Debug|Any CPU
		{BE9E2743-FF5F-42A3-B780-3C499A70DE08}.Debug|iPhone.ActiveCfg = Debug|Any CPU
		{BE9E2743-FF5F-42A3-B780-3C499A70DE08}.Debug|iPhone.Build.0 = Debug|Any CPU
		{BE9E2743-FF5F-42A3-B780-3C499A70DE08}.Debug|iPhone.Deploy.0 = Debug|Any CPU
		{BE9E2743-FF5F-42A3-B780-3C499A70DE08}.Debug|iPhoneSimulator.ActiveCfg = Debug|Any CPU
		{BE9E2743-FF5F-42A3-B780-3C499A70DE08}.Debug|iPhoneSimulator.Build.0 = Debug|Any CPU
		{BE9E2743-FF5F-42A3-B780-3C499A70DE08}.Debug|iPhoneSimulator.Deploy.0 = Debug|Any CPU
		{BE9E2743-FF5F-42A3-B780-3C499A70DE08}.Release|Any CPU.ActiveCfg = Release|Any CPU
		{BE9E2743-FF5F-42A3-B780-3C499A70DE08}.Release|Any CPU.Build.0 = Release|Any CPU
		{BE9E2743-FF5F-42A3-B780-3C499A70DE08}.Release|Any CPU.Deploy.0 = Release|Any CPU
		{BE9E2743-FF5F-42A3-B780-3C499A70DE08}.Release|iPhone.ActiveCfg = Release|Any CPU
		{BE9E2743-FF5F-42A3-B780-3C499A70DE08}.Release|iPhone.Build.0 = Release|Any CPU
		{BE9E2743-FF5F-42A3-B780-3C499A70DE08}.Release|iPhone.Deploy.0 = Release|Any CPU
		{BE9E2743-FF5F-42A3-B780-3C499A70DE08}.Release|iPhoneSimulator.ActiveCfg = Release|Any CPU
		{BE9E2743-FF5F-42A3-B780-3C499A70DE08}.Release|iPhoneSimulator.Build.0 = Release|Any CPU
		{BE9E2743-FF5F-42A3-B780-3C499A70DE08}.Release|iPhoneSimulator.Deploy.0 = Release|Any CPU
		{4031B016-B0CE-4824-A24E-D9825B14EA3F}.Debug|Any CPU.ActiveCfg = Debug|iPhone
		{4031B016-B0CE-4824-A24E-D9825B14EA3F}.Debug|Any CPU.Build.0 = Debug|iPhone
		{4031B016-B0CE-4824-A24E-D9825B14EA3F}.Debug|Any CPU.Deploy.0 = Debug|iPhone
		{4031B016-B0CE-4824-A24E-D9825B14EA3F}.Debug|iPhone.ActiveCfg = Debug|iPhone
		{4031B016-B0CE-4824-A24E-D9825B14EA3F}.Debug|iPhone.Build.0 = Debug|iPhone
		{4031B016-B0CE-4824-A24E-D9825B14EA3F}.Debug|iPhone.Deploy.0 = Debug|iPhone
		{4031B016-B0CE-4824-A24E-D9825B14EA3F}.Debug|iPhoneSimulator.ActiveCfg = Debug|iPhoneSimulator
		{4031B016-B0CE-4824-A24E-D9825B14EA3F}.Debug|iPhoneSimulator.Build.0 = Debug|iPhoneSimulator
		{4031B016-B0CE-4824-A24E-D9825B14EA3F}.Debug|iPhoneSimulator.Deploy.0 = Debug|iPhoneSimulator
		{4031B016-B0CE-4824-A24E-D9825B14EA3F}.Release|Any CPU.ActiveCfg = Release|iPhone
		{4031B016-B0CE-4824-A24E-D9825B14EA3F}.Release|Any CPU.Build.0 = Release|iPhone
		{4031B016-B0CE-4824-A24E-D9825B14EA3F}.Release|Any CPU.Deploy.0 = Release|iPhone
		{4031B016-B0CE-4824-A24E-D9825B14EA3F}.Release|iPhone.ActiveCfg = Release|iPhone
		{4031B016-B0CE-4824-A24E-D9825B14EA3F}.Release|iPhone.Build.0 = Release|iPhone
		{4031B016-B0CE-4824-A24E-D9825B14EA3F}.Release|iPhone.Deploy.0 = Release|iPhone
		{4031B016-B0CE-4824-A24E-D9825B14EA3F}.Release|iPhoneSimulator.ActiveCfg = Release|iPhoneSimulator
		{4031B016-B0CE-4824-A24E-D9825B14EA3F}.Release|iPhoneSimulator.Build.0 = Release|iPhoneSimulator
		{4031B016-B0CE-4824-A24E-D9825B14EA3F}.Release|iPhoneSimulator.Deploy.0 = Release|iPhoneSimulator
		{DFF457EE-284C-4E47-B26A-380B9548DAB7}.Debug|Any CPU.ActiveCfg = Debug|Any CPU
		{DFF457EE-284C-4E47-B26A-380B9548DAB7}.Debug|Any CPU.Build.0 = Debug|Any CPU
		{DFF457EE-284C-4E47-B26A-380B9548DAB7}.Debug|Any CPU.Deploy.0 = Debug|Any CPU
		{DFF457EE-284C-4E47-B26A-380B9548DAB7}.Debug|iPhone.ActiveCfg = Debug|Any CPU
		{DFF457EE-284C-4E47-B26A-380B9548DAB7}.Debug|iPhone.Build.0 = Debug|Any CPU
		{DFF457EE-284C-4E47-B26A-380B9548DAB7}.Debug|iPhone.Deploy.0 = Debug|Any CPU
		{DFF457EE-284C-4E47-B26A-380B9548DAB7}.Debug|iPhoneSimulator.ActiveCfg = Debug|Any CPU
		{DFF457EE-284C-4E47-B26A-380B9548DAB7}.Debug|iPhoneSimulator.Build.0 = Debug|Any CPU
		{DFF457EE-284C-4E47-B26A-380B9548DAB7}.Debug|iPhoneSimulator.Deploy.0 = Debug|Any CPU
		{DFF457EE-284C-4E47-B26A-380B9548DAB7}.Release|Any CPU.ActiveCfg = Release|Any CPU
		{DFF457EE-284C-4E47-B26A-380B9548DAB7}.Release|Any CPU.Build.0 = Release|Any CPU
		{DFF457EE-284C-4E47-B26A-380B9548DAB7}.Release|Any CPU.Deploy.0 = Release|Any CPU
		{DFF457EE-284C-4E47-B26A-380B9548DAB7}.Release|iPhone.ActiveCfg = Release|Any CPU
		{DFF457EE-284C-4E47-B26A-380B9548DAB7}.Release|iPhone.Build.0 = Release|Any CPU
		{DFF457EE-284C-4E47-B26A-380B9548DAB7}.Release|iPhone.Deploy.0 = Release|Any CPU
		{DFF457EE-284C-4E47-B26A-380B9548DAB7}.Release|iPhoneSimulator.ActiveCfg = Release|Any CPU
		{DFF457EE-284C-4E47-B26A-380B9548DAB7}.Release|iPhoneSimulator.Build.0 = Release|Any CPU
		{DFF457EE-284C-4E47-B26A-380B9548DAB7}.Release|iPhoneSimulator.Deploy.0 = Release|Any CPU
	EndGlobalSection
	GlobalSection(SolutionProperties) = preSolution
		HideSolutionNode = FALSE
	EndGlobalSection
	GlobalSection(ExtensibilityGlobals) = postSolution
		SolutionGuid = {524584A2-F7AF-4F63-B153-C732181F3259}
	EndGlobalSection
EndGlobal
